// !$*UTF8*$!
{
	archiveVersion = 1;
	classes = {
	};
	objectVersion = 50;
	objects = {

/* Begin PBXBuildFile section */
		F60CDBCF270DD3B2008E829C /* SwiftDemoApp.swift in Sources */ = {isa = PBXBuildFile; fileRef = F60CDBCE270DD3B2008E829C /* SwiftDemoApp.swift */; };
		F60CDBD1270DD3B2008E829C /* ListViewDemo.swift in Sources */ = {isa = PBXBuildFile; fileRef = F60CDBD0270DD3B2008E829C /* ListViewDemo.swift */; };
		F60CDBD3270DD3B5008E829C /* Assets.xcassets in Resources */ = {isa = PBXBuildFile; fileRef = F60CDBD2270DD3B5008E829C /* Assets.xcassets */; };
		F60CDBD6270DD3B5008E829C /* Preview Assets.xcassets in Resources */ = {isa = PBXBuildFile; fileRef = F60CDBD5270DD3B5008E829C /* Preview Assets.xcassets */; };
		F60CDBE1270DD3B6008E829C /* SwiftDemoTests.swift in Sources */ = {isa = PBXBuildFile; fileRef = F60CDBE0270DD3B6008E829C /* SwiftDemoTests.swift */; };
		F60CDBEC270DD3B6008E829C /* SwiftDemoUITests.swift in Sources */ = {isa = PBXBuildFile; fileRef = F60CDBEB270DD3B6008E829C /* SwiftDemoUITests.swift */; };
		F60CDC06270E0439008E829C /* GridViewDemo.swift in Sources */ = {isa = PBXBuildFile; fileRef = F60CDC05270E0439008E829C /* GridViewDemo.swift */; };
/* End PBXBuildFile section */

/* Begin PBXContainerItemProxy section */
		F60CDBDD270DD3B5008E829C /* PBXContainerItemProxy */ = {
			isa = PBXContainerItemProxy;
			containerPortal = F60CDBC3270DD3B2008E829C /* Project object */;
			proxyType = 1;
			remoteGlobalIDString = F60CDBCA270DD3B2008E829C;
			remoteInfo = SwiftDemo;
		};
		F60CDBE8270DD3B6008E829C /* PBXContainerItemProxy */ = {
			isa = PBXContainerItemProxy;
			containerPortal = F60CDBC3270DD3B2008E829C /* Project object */;
			proxyType = 1;
			remoteGlobalIDString = F60CDBCA270DD3B2008E829C;
			remoteInfo = SwiftDemo;
		};
/* End PBXContainerItemProxy section */

/* Begin PBXFileReference section */
		F60CDBCB270DD3B2008E829C /* SwiftDemo.app */ = {isa = PBXFileReference; explicitFileType = wrapper.application; includeInIndex = 0; path = SwiftDemo.app; sourceTree = BUILT_PRODUCTS_DIR; };
		F60CDBCE270DD3B2008E829C /* SwiftDemoApp.swift */ = {isa = PBXFileReference; lastKnownFileType = sourcecode.swift; path = SwiftDemoApp.swift; sourceTree = "<group>"; };
		F60CDBD0270DD3B2008E829C /* ListViewDemo.swift */ = {isa = PBXFileReference; lastKnownFileType = sourcecode.swift; path = ListViewDemo.swift; sourceTree = "<group>"; };
		F60CDBD2270DD3B5008E829C /* Assets.xcassets */ = {isa = PBXFileReference; lastKnownFileType = folder.assetcatalog; path = Assets.xcassets; sourceTree = "<group>"; };
		F60CDBD5270DD3B5008E829C /* Preview Assets.xcassets */ = {isa = PBXFileReference; lastKnownFileType = folder.assetcatalog; path = "Preview Assets.xcassets"; sourceTree = "<group>"; };
		F60CDBD7270DD3B5008E829C /* Info.plist */ = {isa = PBXFileReference; lastKnownFileType = text.plist.xml; path = Info.plist; sourceTree = "<group>"; };
		F60CDBDC270DD3B5008E829C /* SwiftDemoTests.xctest */ = {isa = PBXFileReference; explicitFileType = wrapper.cfbundle; includeInIndex = 0; path = SwiftDemoTests.xctest; sourceTree = BUILT_PRODUCTS_DIR; };
		F60CDBE0270DD3B6008E829C /* SwiftDemoTests.swift */ = {isa = PBXFileReference; lastKnownFileType = sourcecode.swift; path = SwiftDemoTests.swift; sourceTree = "<group>"; };
		F60CDBE2270DD3B6008E829C /* Info.plist */ = {isa = PBXFileReference; lastKnownFileType = text.plist.xml; path = Info.plist; sourceTree = "<group>"; };
		F60CDBE7270DD3B6008E829C /* SwiftDemoUITests.xctest */ = {isa = PBXFileReference; explicitFileType = wrapper.cfbundle; includeInIndex = 0; path = SwiftDemoUITests.xctest; sourceTree = BUILT_PRODUCTS_DIR; };
		F60CDBEB270DD3B6008E829C /* SwiftDemoUITests.swift */ = {isa = PBXFileReference; lastKnownFileType = sourcecode.swift; path = SwiftDemoUITests.swift; sourceTree = "<group>"; };
		F60CDBED270DD3B6008E829C /* Info.plist */ = {isa = PBXFileReference; lastKnownFileType = text.plist.xml; path = Info.plist; sourceTree = "<group>"; };
		F60CDC05270E0439008E829C /* GridViewDemo.swift */ = {isa = PBXFileReference; lastKnownFileType = sourcecode.swift; path = GridViewDemo.swift; sourceTree = "<group>"; };
/* End PBXFileReference section */

/* Begin PBXFrameworksBuildPhase section */
		F60CDBC8270DD3B2008E829C /* Frameworks */ = {
			isa = PBXFrameworksBuildPhase;
			buildActionMask = 2147483647;
			files = (
			);
			runOnlyForDeploymentPostprocessing = 0;
		};
		F60CDBD9270DD3B5008E829C /* Frameworks */ = {
			isa = PBXFrameworksBuildPhase;
			buildActionMask = 2147483647;
			files = (
			);
			runOnlyForDeploymentPostprocessing = 0;
		};
		F60CDBE4270DD3B6008E829C /* Frameworks */ = {
			isa = PBXFrameworksBuildPhase;
			buildActionMask = 2147483647;
			files = (
			);
			runOnlyForDeploymentPostprocessing = 0;
		};
/* End PBXFrameworksBuildPhase section */

/* Begin PBXGroup section */
		F60CDBC2270DD3B2008E829C = {
			isa = PBXGroup;
			children = (
				F60CDBCD270DD3B2008E829C /* SwiftDemo */,
				F60CDBDF270DD3B6008E829C /* SwiftDemoTests */,
				F60CDBEA270DD3B6008E829C /* SwiftDemoUITests */,
				F60CDBCC270DD3B2008E829C /* Products */,
			);
			sourceTree = "<group>";
		};
		F60CDBCC270DD3B2008E829C /* Products */ = {
			isa = PBXGroup;
			children = (
				F60CDBCB270DD3B2008E829C /* SwiftDemo.app */,
				F60CDBDC270DD3B5008E829C /* SwiftDemoTests.xctest */,
				F60CDBE7270DD3B6008E829C /* SwiftDemoUITests.xctest */,
			);
			name = Products;
			sourceTree = "<group>";
		};
		F60CDBCD270DD3B2008E829C /* SwiftDemo */ = {
			isa = PBXGroup;
			children = (
				F60CDBCE270DD3B2008E829C /* SwiftDemoApp.swift */,
				F60CDBD0270DD3B2008E829C /* ListViewDemo.swift */,
				F60CDC05270E0439008E829C /* GridViewDemo.swift */,
				F60CDBD2270DD3B5008E829C /* Assets.xcassets */,
				F60CDBD7270DD3B5008E829C /* Info.plist */,
				F60CDBD4270DD3B5008E829C /* Preview Content */,
			);
			path = SwiftDemo;
			sourceTree = "<group>";
		};
		F60CDBD4270DD3B5008E829C /* Preview Content */ = {
			isa = PBXGroup;
			children = (
				F60CDBD5270DD3B5008E829C /* Preview Assets.xcassets */,
			);
			path = "Preview Content";
			sourceTree = "<group>";
		};
		F60CDBDF270DD3B6008E829C /* SwiftDemoTests */ = {
			isa = PBXGroup;
			children = (
				F60CDBE0270DD3B6008E829C /* SwiftDemoTests.swift */,
				F60CDBE2270DD3B6008E829C /* Info.plist */,
			);
			path = SwiftDemoTests;
			sourceTree = "<group>";
		};
		F60CDBEA270DD3B6008E829C /* SwiftDemoUITests */ = {
			isa = PBXGroup;
			children = (
				F60CDBEB270DD3B6008E829C /* SwiftDemoUITests.swift */,
				F60CDBED270DD3B6008E829C /* Info.plist */,
			);
			path = SwiftDemoUITests;
			sourceTree = "<group>";
		};
/* End PBXGroup section */

/* Begin PBXNativeTarget section */
		F60CDBCA270DD3B2008E829C /* SwiftDemo */ = {
			isa = PBXNativeTarget;
			buildConfigurationList = F60CDBF0270DD3B6008E829C /* Build configuration list for PBXNativeTarget "SwiftDemo" */;
			buildPhases = (
				F60CDBC7270DD3B2008E829C /* Sources */,
				F60CDBC8270DD3B2008E829C /* Frameworks */,
				F60CDBC9270DD3B2008E829C /* Resources */,
			);
			buildRules = (
			);
			dependencies = (
			);
			name = SwiftDemo;
			productName = SwiftDemo;
			productReference = F60CDBCB270DD3B2008E829C /* SwiftDemo.app */;
			productType = "com.apple.product-type.application";
		};
		F60CDBDB270DD3B5008E829C /* SwiftDemoTests */ = {
			isa = PBXNativeTarget;
			buildConfigurationList = F60CDBF3270DD3B6008E829C /* Build configuration list for PBXNativeTarget "SwiftDemoTests" */;
			buildPhases = (
				F60CDBD8270DD3B5008E829C /* Sources */,
				F60CDBD9270DD3B5008E829C /* Frameworks */,
				F60CDBDA270DD3B5008E829C /* Resources */,
			);
			buildRules = (
			);
			dependencies = (
				F60CDBDE270DD3B5008E829C /* PBXTargetDependency */,
			);
			name = SwiftDemoTests;
			productName = SwiftDemoTests;
			productReference = F60CDBDC270DD3B5008E829C /* SwiftDemoTests.xctest */;
			productType = "com.apple.product-type.bundle.unit-test";
		};
		F60CDBE6270DD3B6008E829C /* SwiftDemoUITests */ = {
			isa = PBXNativeTarget;
			buildConfigurationList = F60CDBF6270DD3B6008E829C /* Build configuration list for PBXNativeTarget "SwiftDemoUITests" */;
			buildPhases = (
				F60CDBE3270DD3B6008E829C /* Sources */,
				F60CDBE4270DD3B6008E829C /* Frameworks */,
				F60CDBE5270DD3B6008E829C /* Resources */,
			);
			buildRules = (
			);
			dependencies = (
				F60CDBE9270DD3B6008E829C /* PBXTargetDependency */,
			);
			name = SwiftDemoUITests;
			productName = SwiftDemoUITests;
			productReference = F60CDBE7270DD3B6008E829C /* SwiftDemoUITests.xctest */;
			productType = "com.apple.product-type.bundle.ui-testing";
		};
/* End PBXNativeTarget section */

/* Begin PBXProject section */
		F60CDBC3270DD3B2008E829C /* Project object */ = {
			isa = PBXProject;
			attributes = {
				LastSwiftUpdateCheck = 1240;
				LastUpgradeCheck = 1240;
				TargetAttributes = {
					F60CDBCA270DD3B2008E829C = {
						CreatedOnToolsVersion = 12.4;
					};
					F60CDBDB270DD3B5008E829C = {
						CreatedOnToolsVersion = 12.4;
						TestTargetID = F60CDBCA270DD3B2008E829C;
					};
					F60CDBE6270DD3B6008E829C = {
						CreatedOnToolsVersion = 12.4;
						TestTargetID = F60CDBCA270DD3B2008E829C;
					};
				};
			};
			buildConfigurationList = F60CDBC6270DD3B2008E829C /* Build configuration list for PBXProject "SwiftDemo" */;
			compatibilityVersion = "Xcode 9.3";
			developmentRegion = en;
			hasScannedForEncodings = 0;
			knownRegions = (
				en,
				Base,
			);
			mainGroup = F60CDBC2270DD3B2008E829C;
			productRefGroup = F60CDBCC270DD3B2008E829C /* Products */;
			projectDirPath = "";
			projectRoot = "";
			targets = (
				F60CDBCA270DD3B2008E829C /* SwiftDemo */,
				F60CDBDB270DD3B5008E829C /* SwiftDemoTests */,
				F60CDBE6270DD3B6008E829C /* SwiftDemoUITests */,
			);
		};
/* End PBXProject section */

/* Begin PBXResourcesBuildPhase section */
		F60CDBC9270DD3B2008E829C /* Resources */ = {
			isa = PBXResourcesBuildPhase;
			buildActionMask = 2147483647;
			files = (
				F60CDBD6270DD3B5008E829C /* Preview Assets.xcassets in Resources */,
				F60CDBD3270DD3B5008E829C /* Assets.xcassets in Resources */,
			);
			runOnlyForDeploymentPostprocessing = 0;
		};
		F60CDBDA270DD3B5008E829C /* Resources */ = {
			isa = PBXResourcesBuildPhase;
			buildActionMask = 2147483647;
			files = (
			);
			runOnlyForDeploymentPostprocessing = 0;
		};
		F60CDBE5270DD3B6008E829C /* Resources */ = {
			isa = PBXResourcesBuildPhase;
			buildActionMask = 2147483647;
			files = (
			);
			runOnlyForDeploymentPostprocessing = 0;
		};
/* End PBXResourcesBuildPhase section */

/* Begin PBXSourcesBuildPhase section */
		F60CDBC7270DD3B2008E829C /* Sources */ = {
			isa = PBXSourcesBuildPhase;
			buildActionMask = 2147483647;
			files = (
				F60CDBD1270DD3B2008E829C /* ListViewDemo.swift in Sources */,
				F60CDBCF270DD3B2008E829C /* SwiftDemoApp.swift in Sources */,
				F60CDC06270E0439008E829C /* GridViewDemo.swift in Sources */,
			);
			runOnlyForDeploymentPostprocessing = 0;
		};
		F60CDBD8270DD3B5008E829C /* Sources */ = {
			isa = PBXSourcesBuildPhase;
			buildActionMask = 2147483647;
			files = (
				F60CDBE1270DD3B6008E829C /* SwiftDemoTests.swift in Sources */,
			);
			runOnlyForDeploymentPostprocessing = 0;
		};
		F60CDBE3270DD3B6008E829C /* Sources */ = {
			isa = PBXSourcesBuildPhase;
			buildActionMask = 2147483647;
			files = (
				F60CDBEC270DD3B6008E829C /* SwiftDemoUITests.swift in Sources */,
			);
			runOnlyForDeploymentPostprocessing = 0;
		};
/* End PBXSourcesBuildPhase section */

/* Begin PBXTargetDependency section */
		F60CDBDE270DD3B5008E829C /* PBXTargetDependency */ = {
			isa = PBXTargetDependency;
			target = F60CDBCA270DD3B2008E829C /* SwiftDemo */;
			targetProxy = F60CDBDD270DD3B5008E829C /* PBXContainerItemProxy */;
		};
		F60CDBE9270DD3B6008E829C /* PBXTargetDependency */ = {
			isa = PBXTargetDependency;
			target = F60CDBCA270DD3B2008E829C /* SwiftDemo */;
			targetProxy = F60CDBE8270DD3B6008E829C /* PBXContainerItemProxy */;
		};
/* End PBXTargetDependency section */

/* Begin XCBuildConfiguration section */
		F60CDBEE270DD3B6008E829C /* Debug */ = {
			isa = XCBuildConfiguration;
			buildSettings = {
				ALWAYS_SEARCH_USER_PATHS = NO;
				CLANG_ANALYZER_NONNULL = YES;
				CLANG_ANALYZER_NUMBER_OBJECT_CONVERSION = YES_AGGRESSIVE;
				CLANG_CXX_LANGUAGE_STANDARD = "gnu++14";
				CLANG_CXX_LIBRARY = "libc++";
				CLANG_ENABLE_MODULES = YES;
				CLANG_ENABLE_OBJC_ARC = YES;
				CLANG_ENABLE_OBJC_WEAK = YES;
				CLANG_WARN_BLOCK_CAPTURE_AUTORELEASING = YES;
				CLANG_WARN_BOOL_CONVERSION = YES;
				CLANG_WARN_COMMA = YES;
				CLANG_WARN_CONSTANT_CONVERSION = YES;
				CLANG_WARN_DEPRECATED_OBJC_IMPLEMENTATIONS = YES;
				CLANG_WARN_DIRECT_OBJC_ISA_USAGE = YES_ERROR;
				CLANG_WARN_DOCUMENTATION_COMMENTS = YES;
				CLANG_WARN_EMPTY_BODY = YES;
				CLANG_WARN_ENUM_CONVERSION = YES;
				CLANG_WARN_INFINITE_RECURSION = YES;
				CLANG_WARN_INT_CONVERSION = YES;
				CLANG_WARN_NON_LITERAL_NULL_CONVERSION = YES;
				CLANG_WARN_OBJC_IMPLICIT_RETAIN_SELF = YES;
				CLANG_WARN_OBJC_LITERAL_CONVERSION = YES;
				CLANG_WARN_OBJC_ROOT_CLASS = YES_ERROR;
				CLANG_WARN_QUOTED_INCLUDE_IN_FRAMEWORK_HEADER = YES;
				CLANG_WARN_RANGE_LOOP_ANALYSIS = YES;
				CLANG_WARN_STRICT_PROTOTYPES = YES;
				CLANG_WARN_SUSPICIOUS_MOVE = YES;
				CLANG_WARN_UNGUARDED_AVAILABILITY = YES_AGGRESSIVE;
				CLANG_WARN_UNREACHABLE_CODE = YES;
				CLANG_WARN__DUPLICATE_METHOD_MATCH = YES;
				COPY_PHASE_STRIP = NO;
				DEBUG_INFORMATION_FORMAT = dwarf;
				ENABLE_STRICT_OBJC_MSGSEND = YES;
				ENABLE_TESTABILITY = YES;
				GCC_C_LANGUAGE_STANDARD = gnu11;
				GCC_DYNAMIC_NO_PIC = NO;
				GCC_NO_COMMON_BLOCKS = YES;
				GCC_OPTIMIZATION_LEVEL = 0;
				GCC_PREPROCESSOR_DEFINITIONS = (
					"DEBUG=1",
					"$(inherited)",
				);
				GCC_WARN_64_TO_32_BIT_CONVERSION = YES;
				GCC_WARN_ABOUT_RETURN_TYPE = YES_ERROR;
				GCC_WARN_UNDECLARED_SELECTOR = YES;
				GCC_WARN_UNINITIALIZED_AUTOS = YES_AGGRESSIVE;
				GCC_WARN_UNUSED_FUNCTION = YES;
				GCC_WARN_UNUSED_VARIABLE = YES;
				IPHONEOS_DEPLOYMENT_TARGET = 14.4;
				MTL_ENABLE_DEBUG_INFO = INCLUDE_SOURCE;
				MTL_FAST_MATH = YES;
				ONLY_ACTIVE_ARCH = YES;
				SDKROOT = iphoneos;
				SWIFT_ACTIVE_COMPILATION_CONDITIONS = DEBUG;
				SWIFT_OPTIMIZATION_LEVEL = "-Onone";
			};
			name = Debug;
		};
		F60CDBEF270DD3B6008E829C /* Release */ = {
			isa = XCBuildConfiguration;
			buildSettings = {
				ALWAYS_SEARCH_USER_PATHS = NO;
				CLANG_ANALYZER_NONNULL = YES;
				CLANG_ANALYZER_NUMBER_OBJECT_CONVERSION = YES_AGGRESSIVE;
				CLANG_CXX_LANGUAGE_STANDARD = "gnu++14";
				CLANG_CXX_LIBRARY = "libc++";
				CLANG_ENABLE_MODULES = YES;
				CLANG_ENABLE_OBJC_ARC = YES;
				CLANG_ENABLE_OBJC_WEAK = YES;
				CLANG_WARN_BLOCK_CAPTURE_AUTORELEASING = YES;
				CLANG_WARN_BOOL_CONVERSION = YES;
				CLANG_WARN_COMMA = YES;
				CLANG_WARN_CONSTANT_CONVERSION = YES;
				CLANG_WARN_DEPRECATED_OBJC_IMPLEMENTATIONS = YES;
				CLANG_WARN_DIRECT_OBJC_ISA_USAGE = YES_ERROR;
				CLANG_WARN_DOCUMENTATION_COMMENTS = YES;
				CLANG_WARN_EMPTY_BODY = YES;
				CLANG_WARN_ENUM_CONVERSION = YES;
				CLANG_WARN_INFINITE_RECURSION = YES;
				CLANG_WARN_INT_CONVERSION = YES;
				CLANG_WARN_NON_LITERAL_NULL_CONVERSION = YES;
				CLANG_WARN_OBJC_IMPLICIT_RETAIN_SELF = YES;
				CLANG_WARN_OBJC_LITERAL_CONVERSION = YES;
				CLANG_WARN_OBJC_ROOT_CLASS = YES_ERROR;
				CLANG_WARN_QUOTED_INCLUDE_IN_FRAMEWORK_HEADER = YES;
				CLANG_WARN_RANGE_LOOP_ANALYSIS = YES;
				CLANG_WARN_STRICT_PROTOTYPES = YES;
				CLANG_WARN_SUSPICIOUS_MOVE = YES;
				CLANG_WARN_UNGUARDED_AVAILABILITY = YES_AGGRESSIVE;
				CLANG_WARN_UNREACHABLE_CODE = YES;
				CLANG_WARN__DUPLICATE_METHOD_MATCH = YES;
				COPY_PHASE_STRIP = NO;
				DEBUG_INFORMATION_FORMAT = "dwarf-with-dsym";
				ENABLE_NS_ASSERTIONS = NO;
				ENABLE_STRICT_OBJC_MSGSEND = YES;
				GCC_C_LANGUAGE_STANDARD = gnu11;
				GCC_NO_COMMON_BLOCKS = YES;
				GCC_WARN_64_TO_32_BIT_CONVERSION = YES;
				GCC_WARN_ABOUT_RETURN_TYPE = YES_ERROR;
				GCC_WARN_UNDECLARED_SELECTOR = YES;
				GCC_WARN_UNINITIALIZED_AUTOS = YES_AGGRESSIVE;
				GCC_WARN_UNUSED_FUNCTION = YES;
				GCC_WARN_UNUSED_VARIABLE = YES;
				IPHONEOS_DEPLOYMENT_TARGET = 14.4;
				MTL_ENABLE_DEBUG_INFO = NO;
				MTL_FAST_MATH = YES;
				SDKROOT = iphoneos;
				SWIFT_COMPILATION_MODE = wholemodule;
				SWIFT_OPTIMIZATION_LEVEL = "-O";
				VALIDATE_PRODUCT = YES;
			};
			name = Release;
		};
		F60CDBF1270DD3B6008E829C /* Debug */ = {
			isa = XCBuildConfiguration;
			buildSettings = {
				ASSETCATALOG_COMPILER_APPICON_NAME = AppIcon;
				ASSETCATALOG_COMPILER_GLOBAL_ACCENT_COLOR_NAME = AccentColor;
				CODE_SIGN_STYLE = Automatic;
				DEVELOPMENT_ASSET_PATHS = "\"SwiftDemo/Preview Content\"";
				DEVELOPMENT_TEAM = 3D7KXJXD43;
				ENABLE_PREVIEWS = YES;
				INFOPLIST_FILE = SwiftDemo/Info.plist;
				IPHONEOS_DEPLOYMENT_TARGET = 14.1;
				LD_RUNPATH_SEARCH_PATHS = (
					"$(inherited)",
					"@executable_path/Frameworks",
				);
				PRODUCT_BUNDLE_IDENTIFIER = com.SwiftDemo;
				PRODUCT_NAME = "$(TARGET_NAME)";
				SWIFT_VERSION = 5.0;
				TARGETED_DEVICE_FAMILY = "1,2";
			};
			name = Debug;
		};
		F60CDBF2270DD3B6008E829C /* Release */ = {
			isa = XCBuildConfiguration;
			buildSettings = {
				ASSETCATALOG_COMPILER_APPICON_NAME = AppIcon;
				ASSETCATALOG_COMPILER_GLOBAL_ACCENT_COLOR_NAME = AccentColor;
				CODE_SIGN_STYLE = Automatic;
				DEVELOPMENT_ASSET_PATHS = "\"SwiftDemo/Preview Content\"";
				DEVELOPMENT_TEAM = 3D7KXJXD43;
				ENABLE_PREVIEWS = YES;
				INFOPLIST_FILE = SwiftDemo/Info.plist;
				IPHONEOS_DEPLOYMENT_TARGET = 14.1;
				LD_RUNPATH_SEARCH_PATHS = (
					"$(inherited)",
					"@executable_path/Frameworks",
				);
				PRODUCT_BUNDLE_IDENTIFIER = com.SwiftDemo;
				PRODUCT_NAME = "$(TARGET_NAME)";
				SWIFT_VERSION = 5.0;
				TARGETED_DEVICE_FAMILY = "1,2";
			};
			name = Release;
		};
		F60CDBF4270DD3B6008E829C /* Debug */ = {
			isa = XCBuildConfiguration;
			buildSettings = {
				ALWAYS_EMBED_SWIFT_STANDARD_LIBRARIES = YES;
				BUNDLE_LOADER = "$(TEST_HOST)";
				CODE_SIGN_STYLE = Automatic;
				DEVELOPMENT_TEAM = 3D7KXJXD43;
				INFOPLIST_FILE = SwiftDemoTests/Info.plist;
				IPHONEOS_DEPLOYMENT_TARGET = 14.0;
				LD_RUNPATH_SEARCH_PATHS = (
					"$(inherited)",
					"@executable_path/Frameworks",
					"@loader_path/Frameworks",
				);
				PRODUCT_BUNDLE_IDENTIFIER = com.SwiftDemoTests;
				PRODUCT_NAME = "$(TARGET_NAME)";
				SWIFT_VERSION = 5.0;
				TARGETED_DEVICE_FAMILY = "1,2";
				TEST_HOST = "$(BUILT_PRODUCTS_DIR)/SwiftDemo.app/SwiftDemo";
			};
			name = Debug;
		};
		F60CDBF5270DD3B6008E829C /* Release */ = {
			isa = XCBuildConfiguration;
			buildSettings = {
				ALWAYS_EMBED_SWIFT_STANDARD_LIBRARIES = YES;
				BUNDLE_LOADER = "$(TEST_HOST)";
				CODE_SIGN_STYLE = Automatic;
				DEVELOPMENT_TEAM = 3D7KXJXD43;
				INFOPLIST_FILE = SwiftDemoTests/Info.plist;
				IPHONEOS_DEPLOYMENT_TARGET = 14.0;
				LD_RUNPATH_SEARCH_PATHS = (
					"$(inherited)",
					"@executable_path/Frameworks",
					"@loader_path/Frameworks",
				);
				PRODUCT_BUNDLE_IDENTIFIER = com.SwiftDemoTests;
				PRODUCT_NAME = "$(TARGET_NAME)";
				SWIFT_VERSION = 5.0;
				TARGETED_DEVICE_FAMILY = "1,2";
				TEST_HOST = "$(BUILT_PRODUCTS_DIR)/SwiftDemo.app/SwiftDemo";
			};
			name = Release;
		};
		F60CDBF7270DD3B6008E829C /* Debug */ = {
			isa = XCBuildConfiguration;
			buildSettings = {
				ALWAYS_EMBED_SWIFT_STANDARD_LIBRARIES = YES;
				CODE_SIGN_STYLE = Automatic;
				DEVELOPMENT_TEAM = 3D7KXJXD43;
				INFOPLIST_FILE = SwiftDemoUITests/Info.plist;
				LD_RUNPATH_SEARCH_PATHS = (
					"$(inherited)",
					"@executable_path/Frameworks",
					"@loader_path/Frameworks",
				);
				PRODUCT_BUNDLE_IDENTIFIER = com.SwiftDemoUITests;
				PRODUCT_NAME = "$(TARGET_NAME)";
				SWIFT_VERSION = 5.0;
				TARGETED_DEVICE_FAMILY = "1,2";
				TEST_TARGET_NAME = SwiftDemo;
			};
			name = Debug;
		};
		F60CDBF8270DD3B6008E829C /* Release */ = {
			isa = XCBuildConfiguration;
			buildSettings = {
				ALWAYS_EMBED_SWIFT_STANDARD_LIBRARIES = YES;
				CODE_SIGN_STYLE = Automatic;
				DEVELOPMENT_TEAM = 3D7KXJXD43;
				INFOPLIST_FILE = SwiftDemoUITests/Info.plist;
				LD_RUNPATH_SEARCH_PATHS = (
					"$(inherited)",
					"@executable_path/Frameworks",
					"@loader_path/Frameworks",
				);
				PRODUCT_BUNDLE_IDENTIFIER = com.SwiftDemoUITests;
				PRODUCT_NAME = "$(TARGET_NAME)";
				SWIFT_VERSION = 5.0;
				TARGETED_DEVICE_FAMILY = "1,2";
				TEST_TARGET_NAME = SwiftDemo;
			};
			name = Release;
		};
/* End XCBuildConfiguration section */

/* Begin XCConfigurationList section */
		F60CDBC6270DD3B2008E829C /* Build configuration list for PBXProject "SwiftDemo" */ = {
			isa = XCConfigurationList;
			buildConfigurations = (
				F60CDBEE270DD3B6008E829C /* Debug */,
				F60CDBEF270DD3B6008E829C /* Release */,
			);
			defaultConfigurationIsVisible = 0;
			defaultConfigurationName = Release;
		};
		F60CDBF0270DD3B6008E829C /* Build configuration list for PBXNativeTarget "SwiftDemo" */ = {
			isa = XCConfigurationList;
			buildConfigurations = (
				F60CDBF1270DD3B6008E829C /* Debug */,
				F60CDBF2270DD3B6008E829C /* Release */,
			);
			defaultConfigurationIsVisible = 0;
			defaultConfigurationName = Release;
		};
		F60CDBF3270DD3B6008E829C /* Build configuration list for PBXNativeTarget "SwiftDemoTests" */ = {
			isa = XCConfigurationList;
			buildConfigurations = (
				F60CDBF4270DD3B6008E829C /* Debug */,
				F60CDBF5270DD3B6008E829C /* Release */,
			);
			defaultConfigurationIsVisible = 0;
			defaultConfigurationName = Release;
		};
		F60CDBF6270DD3B6008E829C /* Build configuration list for PBXNativeTarget "SwiftDemoUITests" */ = {
			isa = XCConfigurationList;
			buildConfigurations = (
				F60CDBF7270DD3B6008E829C /* Debug */,
				F60CDBF8270DD3B6008E829C /* Release */,
			);
			defaultConfigurationIsVisible = 0;
			defaultConfigurationName = Release;
		};
/* End XCConfigurationList section */
	};
	rootObject = F60CDBC3270DD3B2008E829C /* Project object */;
}
